
Microsoft Visual Studio Solution File, Format Version 11.00
# Visual Studio 2010
Project("{FAE04EC0-301F-11D3-BF4B-00C04F79EFBC}") = "UniRx", "UniRx.csproj", "{8e84cd50-68c3-08c2-ca1f-9a63cd3dd135}"
EndProject
Project("{FAE04EC0-301F-11D3-BF4B-00C04F79EFBC}") = "Assembly-CSharp-firstpass", "Assembly-CSharp-firstpass.csproj", "{bdb1d342-c1f7-f6c5-73e7-62a09a2d072d}"
EndProject
Project("{FAE04EC0-301F-11D3-BF4B-00C04F79EFBC}") = "Assembly-CSharp", "Assembly-CSharp.csproj", "{f746f5dc-3ca9-300c-e7c9-3dce2f9077fe}"
EndProject
Project("{FAE04EC0-301F-11D3-BF4B-00C04F79EFBC}") = "UniRx.Examples", "UniRx.Examples.csproj", "{a643d014-1051-8b53-d0c0-ea490394b5fe}"
EndProject
Global
	GlobalSection(SolutionConfigurationPlatforms) = preSolution
		Debug|Any CPU = Debug|Any CPU
	EndGlobalSection
	GlobalSection(ProjectConfigurationPlatforms) = postSolution
		{8e84cd50-68c3-08c2-ca1f-9a63cd3dd135}.Debug|Any CPU.ActiveCfg = Debug|Any CPU
		{8e84cd50-68c3-08c2-ca1f-9a63cd3dd135}.Debug|Any CPU.Build.0 = Debug|Any CPU
		{bdb1d342-c1f7-f6c5-73e7-62a09a2d072d}.Debug|Any CPU.ActiveCfg = Debug|Any CPU
		{bdb1d342-c1f7-f6c5-73e7-62a09a2d072d}.Debug|Any CPU.Build.0 = Debug|Any CPU
		{f746f5dc-3ca9-300c-e7c9-3dce2f9077fe}.Debug|Any CPU.ActiveCfg = Debug|Any CPU
		{f746f5dc-3ca9-300c-e7c9-3dce2f9077fe}.Debug|Any CPU.Build.0 = Debug|Any CPU
		{a643d014-1051-8b53-d0c0-ea490394b5fe}.Debug|Any CPU.ActiveCfg = Debug|Any CPU
		{a643d014-1051-8b53-d0c0-ea490394b5fe}.Debug|Any CPU.Build.0 = Debug|Any CPU
	EndGlobalSection
	GlobalSection(SolutionProperties) = preSolution
		HideSolutionNode = FALSE
	EndGlobalSection
EndGlobal
